
Microsoft Visual Studio Solution File, Format Version 12.00
# Visual Studio Version 17
VisualStudioVersion = 17.0.31903.59
MinimumVisualStudioVersion = 10.0.40219.1
Project("{2150E333-8FDC-42A3-9474-1A3956D46DE8}") = "src", "src", "{5E183412-0FB8-4F25-9DDF-DE16241A4372}"
EndProject
Project("{FAE04EC0-301F-11D3-BF4B-00C04F79EFBC}") = "AuctionService", "src\AuctionService\AuctionService.csproj", "{85ABF250-6B10-4F6B-9EC3-A74BA53179CB}"
EndProject
Project("{FAE04EC0-301F-11D3-BF4B-00C04F79EFBC}") = "SearchService", "src\SearchService\SearchService.csproj", "{B8842213-D966-4361-B12F-0CE3EA4D3D18}"
EndProject
Project("{FAE04EC0-301F-11D3-BF4B-00C04F79EFBC}") = "BuildingBlocks", "src\BuildingBlocks\BuildingBlocks.csproj", "{A814FCC8-2F81-4262-BC04-00C88A0FCE50}"
EndProject
Project("{FAE04EC0-301F-11D3-BF4B-00C04F79EFBC}") = "IdentityService", "src\IdentityService\IdentityService.csproj", "{59B527B4-00C9-43A2-A9EF-A22EE98EB0CB}"
EndProject
Project("{FAE04EC0-301F-11D3-BF4B-00C04F79EFBC}") = "GatewayService", "src\GatewayService\GatewayService.csproj", "{3A23B689-DD70-434C-90ED-B0434B0453CB}"
EndProject
Project("{2150E333-8FDC-42A3-9474-1A3956D46DE8}") = "tests", "tests", "{0EF04C73-F9A2-4E01-9980-E33B08C7F519}"
EndProject
Project("{FAE04EC0-301F-11D3-BF4B-00C04F79EFBC}") = "UnitTests", "tests\UnitTests\UnitTests.csproj", "{0DCC15EC-8DDC-4578-ACA0-E79C72E93B1B}"
EndProject
Project("{FAE04EC0-301F-11D3-BF4B-00C04F79EFBC}") = "IntegrationTests", "tests\IntegrationTests\IntegrationTests.csproj", "{B4379C8F-A122-48B6-AADC-DDD4F8C2B073}"
EndProject
Global
	GlobalSection(SolutionConfigurationPlatforms) = preSolution
		Debug|Any CPU = Debug|Any CPU
		Release|Any CPU = Release|Any CPU
	EndGlobalSection
	GlobalSection(SolutionProperties) = preSolution
		HideSolutionNode = FALSE
	EndGlobalSection
	GlobalSection(ProjectConfigurationPlatforms) = postSolution
		{85ABF250-6B10-4F6B-9EC3-A74BA53179CB}.Debug|Any CPU.ActiveCfg = Debug|Any CPU
		{85ABF250-6B10-4F6B-9EC3-A74BA53179CB}.Debug|Any CPU.Build.0 = Debug|Any CPU
		{85ABF250-6B10-4F6B-9EC3-A74BA53179CB}.Release|Any CPU.ActiveCfg = Release|Any CPU
		{85ABF250-6B10-4F6B-9EC3-A74BA53179CB}.Release|Any CPU.Build.0 = Release|Any CPU
		{B8842213-D966-4361-B12F-0CE3EA4D3D18}.Debug|Any CPU.ActiveCfg = Debug|Any CPU
		{B8842213-D966-4361-B12F-0CE3EA4D3D18}.Debug|Any CPU.Build.0 = Debug|Any CPU
		{B8842213-D966-4361-B12F-0CE3EA4D3D18}.Release|Any CPU.ActiveCfg = Release|Any CPU
		{B8842213-D966-4361-B12F-0CE3EA4D3D18}.Release|Any CPU.Build.0 = Release|Any CPU
		{A814FCC8-2F81-4262-BC04-00C88A0FCE50}.Debug|Any CPU.ActiveCfg = Debug|Any CPU
		{A814FCC8-2F81-4262-BC04-00C88A0FCE50}.Debug|Any CPU.Build.0 = Debug|Any CPU
		{A814FCC8-2F81-4262-BC04-00C88A0FCE50}.Release|Any CPU.ActiveCfg = Release|Any CPU
		{A814FCC8-2F81-4262-BC04-00C88A0FCE50}.Release|Any CPU.Build.0 = Release|Any CPU
		{59B527B4-00C9-43A2-A9EF-A22EE98EB0CB}.Debug|Any CPU.ActiveCfg = Debug|Any CPU
		{59B527B4-00C9-43A2-A9EF-A22EE98EB0CB}.Debug|Any CPU.Build.0 = Debug|Any CPU
		{59B527B4-00C9-43A2-A9EF-A22EE98EB0CB}.Release|Any CPU.ActiveCfg = Release|Any CPU
		{59B527B4-00C9-43A2-A9EF-A22EE98EB0CB}.Release|Any CPU.Build.0 = Release|Any CPU
		{3A23B689-DD70-434C-90ED-B0434B0453CB}.Debug|Any CPU.ActiveCfg = Debug|Any CPU
		{3A23B689-DD70-434C-90ED-B0434B0453CB}.Debug|Any CPU.Build.0 = Debug|Any CPU
		{3A23B689-DD70-434C-90ED-B0434B0453CB}.Release|Any CPU.ActiveCfg = Release|Any CPU
		{3A23B689-DD70-434C-90ED-B0434B0453CB}.Release|Any CPU.Build.0 = Release|Any CPU
		{0DCC15EC-8DDC-4578-ACA0-E79C72E93B1B}.Debug|Any CPU.ActiveCfg = Debug|Any CPU
		{0DCC15EC-8DDC-4578-ACA0-E79C72E93B1B}.Debug|Any CPU.Build.0 = Debug|Any CPU
		{0DCC15EC-8DDC-4578-ACA0-E79C72E93B1B}.Release|Any CPU.ActiveCfg = Release|Any CPU
		{0DCC15EC-8DDC-4578-ACA0-E79C72E93B1B}.Release|Any CPU.Build.0 = Release|Any CPU
		{B4379C8F-A122-48B6-AADC-DDD4F8C2B073}.Debug|Any CPU.ActiveCfg = Debug|Any CPU
		{B4379C8F-A122-48B6-AADC-DDD4F8C2B073}.Debug|Any CPU.Build.0 = Debug|Any CPU
		{B4379C8F-A122-48B6-AADC-DDD4F8C2B073}.Release|Any CPU.ActiveCfg = Release|Any CPU
		{B4379C8F-A122-48B6-AADC-DDD4F8C2B073}.Release|Any CPU.Build.0 = Release|Any CPU
	EndGlobalSection
	GlobalSection(NestedProjects) = preSolution
		{85ABF250-6B10-4F6B-9EC3-A74BA53179CB} = {5E183412-0FB8-4F25-9DDF-DE16241A4372}
		{B8842213-D966-4361-B12F-0CE3EA4D3D18} = {5E183412-0FB8-4F25-9DDF-DE16241A4372}
		{A814FCC8-2F81-4262-BC04-00C88A0FCE50} = {5E183412-0FB8-4F25-9DDF-DE16241A4372}
		{59B527B4-00C9-43A2-A9EF-A22EE98EB0CB} = {5E183412-0FB8-4F25-9DDF-DE16241A4372}
		{3A23B689-DD70-434C-90ED-B0434B0453CB} = {5E183412-0FB8-4F25-9DDF-DE16241A4372}
		{0DCC15EC-8DDC-4578-ACA0-E79C72E93B1B} = {0EF04C73-F9A2-4E01-9980-E33B08C7F519}
		{B4379C8F-A122-48B6-AADC-DDD4F8C2B073} = {0EF04C73-F9A2-4E01-9980-E33B08C7F519}
	EndGlobalSection
EndGlobal
